
Microsoft Visual Studio Solution File, Format Version 12.00
# Visual Studio Version 17
VisualStudioVersion = 17.9.34616.47
MinimumVisualStudioVersion = 10.0.40219.1
Project("{54A90642-561A-4BB1-A94E-469ADEE60C69}") = "web_task1_2304001", "web_task1_2304001\web_task1_2304001.esproj", "{2CAFA3E4-C17E-4F22-863E-280E4DFB3368}"
EndProject
Global
	GlobalSection(SolutionConfigurationPlatforms) = preSolution
		Debug|Any CPU = Debug|Any CPU
		Release|Any CPU = Release|Any CPU
	EndGlobalSection
	GlobalSection(ProjectConfigurationPlatforms) = postSolution
		{2CAFA3E4-C17E-4F22-863E-280E4DFB3368}.Debug|Any CPU.ActiveCfg = Debug|Any CPU
		{2CAFA3E4-C17E-4F22-863E-280E4DFB3368}.Debug|Any CPU.Build.0 = Debug|Any CPU
		{2CAFA3E4-C17E-4F22-863E-280E4DFB3368}.Debug|Any CPU.Deploy.0 = Debug|Any CPU
		{2CAFA3E4-C17E-4F22-863E-280E4DFB3368}.Release|Any CPU.ActiveCfg = Release|Any CPU
		{2CAFA3E4-C17E-4F22-863E-280E4DFB3368}.Release|Any CPU.Build.0 = Release|Any CPU
		{2CAFA3E4-C17E-4F22-863E-280E4DFB3368}.Release|Any CPU.Deploy.0 = Release|Any CPU
	EndGlobalSection
	GlobalSection(SolutionProperties) = preSolution
		HideSolutionNode = FALSE
	EndGlobalSection
	GlobalSection(ExtensibilityGlobals) = postSolution
		SolutionGuid = {DA94BB7D-5ED6-4731-8511-C291B764C6CE}
	EndGlobalSection
EndGlobal
